// !$*UTF8*$!
{
	archiveVersion = 1;
	classes = {
	};
	objectVersion = 56;
	objects = {

/* Begin PBXBuildFile section */
		802F1D922BC30696000D8843 /* Tower_of_HanoiApp.swift in Sources */ = {isa = PBXBuildFile; fileRef = 802F1D912BC30696000D8843 /* Tower_of_HanoiApp.swift */; };
		802F1D942BC30696000D8843 /* ContentView.swift in Sources */ = {isa = PBXBuildFile; fileRef = 802F1D932BC30696000D8843 /* ContentView.swift */; };
		802F1D962BC30697000D8843 /* Assets.xcassets in Resources */ = {isa = PBXBuildFile; fileRef = 802F1D952BC30697000D8843 /* Assets.xcassets */; };
		802F1D992BC30697000D8843 /* Preview Assets.xcassets in Resources */ = {isa = PBXBuildFile; fileRef = 802F1D982BC30697000D8843 /* Preview Assets.xcassets */; };
		802F1DA32BC30697000D8843 /* Tower_of_HanoiTests.swift in Sources */ = {isa = PBXBuildFile; fileRef = 802F1DA22BC30697000D8843 /* Tower_of_HanoiTests.swift */; };
		802F1DAD2BC30697000D8843 /* Tower_of_HanoiUITests.swift in Sources */ = {isa = PBXBuildFile; fileRef = 802F1DAC2BC30697000D8843 /* Tower_of_HanoiUITests.swift */; };
		802F1DAF2BC30697000D8843 /* Tower_of_HanoiUITestsLaunchTests.swift in Sources */ = {isa = PBXBuildFile; fileRef = 802F1DAE2BC30697000D8843 /* Tower_of_HanoiUITestsLaunchTests.swift */; };
/* End PBXBuildFile section */

/* Begin PBXContainerItemProxy section */
		802F1D9F2BC30697000D8843 /* PBXContainerItemProxy */ = {
			isa = PBXContainerItemProxy;
			containerPortal = 802F1D862BC30696000D8843 /* Project object */;
			proxyType = 1;
			remoteGlobalIDString = 802F1D8D2BC30696000D8843;
			remoteInfo = "Tower of Hanoi";
		};
		802F1DA92BC30697000D8843 /* PBXContainerItemProxy */ = {
			isa = PBXContainerItemProxy;
			containerPortal = 802F1D862BC30696000D8843 /* Project object */;
			proxyType = 1;
			remoteGlobalIDString = 802F1D8D2BC30696000D8843;
			remoteInfo = "Tower of Hanoi";
		};
/* End PBXContainerItemProxy section */

/* Begin PBXFileReference section */
		802F1D8E2BC30696000D8843 /* Tower of Hanoi.app */ = {isa = PBXFileReference; explicitFileType = wrapper.application; includeInIndex = 0; path = "Tower of Hanoi.app"; sourceTree = BUILT_PRODUCTS_DIR; };
		802F1D912BC30696000D8843 /* Tower_of_HanoiApp.swift */ = {isa = PBXFileReference; lastKnownFileType = sourcecode.swift; path = Tower_of_HanoiApp.swift; sourceTree = "<group>"; };
		802F1D932BC30696000D8843 /* ContentView.swift */ = {isa = PBXFileReference; lastKnownFileType = sourcecode.swift; path = ContentView.swift; sourceTree = "<group>"; };
		802F1D952BC30697000D8843 /* Assets.xcassets */ = {isa = PBXFileReference; lastKnownFileType = folder.assetcatalog; path = Assets.xcassets; sourceTree = "<group>"; };
		802F1D982BC30697000D8843 /* Preview Assets.xcassets */ = {isa = PBXFileReference; lastKnownFileType = folder.assetcatalog; path = "Preview Assets.xcassets"; sourceTree = "<group>"; };
		802F1D9E2BC30697000D8843 /* Tower of HanoiTests.xctest */ = {isa = PBXFileReference; explicitFileType = wrapper.cfbundle; includeInIndex = 0; path = "Tower of HanoiTests.xctest"; sourceTree = BUILT_PRODUCTS_DIR; };
		802F1DA22BC30697000D8843 /* Tower_of_HanoiTests.swift */ = {isa = PBXFileReference; lastKnownFileType = sourcecode.swift; path = Tower_of_HanoiTests.swift; sourceTree = "<group>"; };
		802F1DA82BC30697000D8843 /* Tower of HanoiUITests.xctest */ = {isa = PBXFileReference; explicitFileType = wrapper.cfbundle; includeInIndex = 0; path = "Tower of HanoiUITests.xctest"; sourceTree = BUILT_PRODUCTS_DIR; };
		802F1DAC2BC30697000D8843 /* Tower_of_HanoiUITests.swift */ = {isa = PBXFileReference; lastKnownFileType = sourcecode.swift; path = Tower_of_HanoiUITests.swift; sourceTree = "<group>"; };
		802F1DAE2BC30697000D8843 /* Tower_of_HanoiUITestsLaunchTests.swift */ = {isa = PBXFileReference; lastKnownFileType = sourcecode.swift; path = Tower_of_HanoiUITestsLaunchTests.swift; sourceTree = "<group>"; };
/* End PBXFileReference section */

/* Begin PBXFrameworksBuildPhase section */
		802F1D8B2BC30696000D8843 /* Frameworks */ = {
			isa = PBXFrameworksBuildPhase;
			buildActionMask = 2147483647;
			files = (
			);
			runOnlyForDeploymentPostprocessing = 0;
		};
		802F1D9B2BC30697000D8843 /* Frameworks */ = {
			isa = PBXFrameworksBuildPhase;
			buildActionMask = 2147483647;
			files = (
			);
			runOnlyForDeploymentPostprocessing = 0;
		};
		802F1DA52BC30697000D8843 /* Frameworks */ = {
			isa = PBXFrameworksBuildPhase;
			buildActionMask = 2147483647;
			files = (
			);
			runOnlyForDeploymentPostprocessing = 0;
		};
/* End PBXFrameworksBuildPhase section */

/* Begin PBXGroup section */
		802F1D852BC30696000D8843 = {
			isa = PBXGroup;
			children = (
				802F1D902BC30696000D8843 /* Tower of Hanoi */,
				802F1DA12BC30697000D8843 /* Tower of HanoiTests */,
				802F1DAB2BC30697000D8843 /* Tower of HanoiUITests */,
				802F1D8F2BC30696000D8843 /* Products */,
			);
			sourceTree = "<group>";
		};
		802F1D8F2BC30696000D8843 /* Products */ = {
			isa = PBXGroup;
			children = (
				802F1D8E2BC30696000D8843 /* Tower of Hanoi.app */,
				802F1D9E2BC30697000D8843 /* Tower of HanoiTests.xctest */,
				802F1DA82BC30697000D8843 /* Tower of HanoiUITests.xctest */,
			);
			name = Products;
			sourceTree = "<group>";
		};
		802F1D902BC30696000D8843 /* Tower of Hanoi */ = {
			isa = PBXGroup;
			children = (
				802F1D912BC30696000D8843 /* Tower_of_HanoiApp.swift */,
				802F1D932BC30696000D8843 /* ContentView.swift */,
				802F1D952BC30697000D8843 /* Assets.xcassets */,
				802F1D972BC30697000D8843 /* Preview Content */,
			);
			path = "Tower of Hanoi";
			sourceTree = "<group>";
		};
		802F1D972BC30697000D8843 /* Preview Content */ = {
			isa = PBXGroup;
			children = (
				802F1D982BC30697000D8843 /* Preview Assets.xcassets */,
			);
			path = "Preview Content";
			sourceTree = "<group>";
		};
		802F1DA12BC30697000D8843 /* Tower of HanoiTests */ = {
			isa = PBXGroup;
			children = (
				802F1DA22BC30697000D8843 /* Tower_of_HanoiTests.swift */,
			);
			path = "Tower of HanoiTests";
			sourceTree = "<group>";
		};
		802F1DAB2BC30697000D8843 /* Tower of HanoiUITests */ = {
			isa = PBXGroup;
			children = (
				802F1DAC2BC30697000D8843 /* Tower_of_HanoiUITests.swift */,
				802F1DAE2BC30697000D8843 /* Tower_of_HanoiUITestsLaunchTests.swift */,
			);
			path = "Tower of HanoiUITests";
			sourceTree = "<group>";
		};
/* End PBXGroup section */

/* Begin PBXNativeTarget section */
		802F1D8D2BC30696000D8843 /* Tower of Hanoi */ = {
			isa = PBXNativeTarget;
			buildConfigurationList = 802F1DB22BC30697000D8843 /* Build configuration list for PBXNativeTarget "Tower of Hanoi" */;
			buildPhases = (
				802F1D8A2BC30696000D8843 /* Sources */,
				802F1D8B2BC30696000D8843 /* Frameworks */,
				802F1D8C2BC30696000D8843 /* Resources */,
			);
			buildRules = (
			);
			dependencies = (
			);
			name = "Tower of Hanoi";
			productName = "Tower of Hanoi";
			productReference = 802F1D8E2BC30696000D8843 /* Tower of Hanoi.app */;
			productType = "com.apple.product-type.application";
		};
		802F1D9D2BC30697000D8843 /* Tower of HanoiTests */ = {
			isa = PBXNativeTarget;
			buildConfigurationList = 802F1DB52BC30697000D8843 /* Build configuration list for PBXNativeTarget "Tower of HanoiTests" */;
			buildPhases = (
				802F1D9A2BC30697000D8843 /* Sources */,
				802F1D9B2BC30697000D8843 /* Frameworks */,
				802F1D9C2BC30697000D8843 /* Resources */,
			);
			buildRules = (
			);
			dependencies = (
				802F1DA02BC30697000D8843 /* PBXTargetDependency */,
			);
			name = "Tower of HanoiTests";
			productName = "Tower of HanoiTests";
			productReference = 802F1D9E2BC30697000D8843 /* Tower of HanoiTests.xctest */;
			productType = "com.apple.product-type.bundle.unit-test";
		};
		802F1DA72BC30697000D8843 /* Tower of HanoiUITests */ = {
			isa = PBXNativeTarget;
			buildConfigurationList = 802F1DB82BC30697000D8843 /* Build configuration list for PBXNativeTarget "Tower of HanoiUITests" */;
			buildPhases = (
				802F1DA42BC30697000D8843 /* Sources */,
				802F1DA52BC30697000D8843 /* Frameworks */,
				802F1DA62BC30697000D8843 /* Resources */,
			);
			buildRules = (
			);
			dependencies = (
				802F1DAA2BC30697000D8843 /* PBXTargetDependency */,
			);
			name = "Tower of HanoiUITests";
			productName = "Tower of HanoiUITests";
			productReference = 802F1DA82BC30697000D8843 /* Tower of HanoiUITests.xctest */;
			productType = "com.apple.product-type.bundle.ui-testing";
		};
/* End PBXNativeTarget section */

/* Begin PBXProject section */
		802F1D862BC30696000D8843 /* Project object */ = {
			isa = PBXProject;
			attributes = {
				BuildIndependentTargetsInParallel = 1;
				LastSwiftUpdateCheck = 1530;
				LastUpgradeCheck = 1530;
				TargetAttributes = {
					802F1D8D2BC30696000D8843 = {
						CreatedOnToolsVersion = 15.3;
					};
					802F1D9D2BC30697000D8843 = {
						CreatedOnToolsVersion = 15.3;
						TestTargetID = 802F1D8D2BC30696000D8843;
					};
					802F1DA72BC30697000D8843 = {
						CreatedOnToolsVersion = 15.3;
						TestTargetID = 802F1D8D2BC30696000D8843;
					};
				};
			};
			buildConfigurationList = 802F1D892BC30696000D8843 /* Build configuration list for PBXProject "Tower of Hanoi" */;
			compatibilityVersion = "Xcode 14.0";
			developmentRegion = en;
			hasScannedForEncodings = 0;
			knownRegions = (
				en,
				Base,
			);
			mainGroup = 802F1D852BC30696000D8843;
			productRefGroup = 802F1D8F2BC30696000D8843 /* Products */;
			projectDirPath = "";
			projectRoot = "";
			targets = (
				802F1D8D2BC30696000D8843 /* Tower of Hanoi */,
				802F1D9D2BC30697000D8843 /* Tower of HanoiTests */,
				802F1DA72BC30697000D8843 /* Tower of HanoiUITests */,
			);
		};
/* End PBXProject section */

/* Begin PBXResourcesBuildPhase section */
		802F1D8C2BC30696000D8843 /* Resources */ = {
			isa = PBXResourcesBuildPhase;
			buildActionMask = 2147483647;
			files = (
				802F1D992BC30697000D8843 /* Preview Assets.xcassets in Resources */,
				802F1D962BC30697000D8843 /* Assets.xcassets in Resources */,
			);
			runOnlyForDeploymentPostprocessing = 0;
		};
		802F1D9C2BC30697000D8843 /* Resources */ = {
			isa = PBXResourcesBuildPhase;
			buildActionMask = 2147483647;
			files = (
			);
			runOnlyForDeploymentPostprocessing = 0;
		};
		802F1DA62BC30697000D8843 /* Resources */ = {
			isa = PBXResourcesBuildPhase;
			buildActionMask = 2147483647;
			files = (
			);
			runOnlyForDeploymentPostprocessing = 0;
		};
/* End PBXResourcesBuildPhase section */

/* Begin PBXSourcesBuildPhase section */
		802F1D8A2BC30696000D8843 /* Sources */ = {
			isa = PBXSourcesBuildPhase;
			buildActionMask = 2147483647;
			files = (
				802F1D942BC30696000D8843 /* ContentView.swift in Sources */,
				802F1D922BC30696000D8843 /* Tower_of_HanoiApp.swift in Sources */,
			);
			runOnlyForDeploymentPostprocessing = 0;
		};
		802F1D9A2BC30697000D8843 /* Sources */ = {
			isa = PBXSourcesBuildPhase;
			buildActionMask = 2147483647;
			files = (
				802F1DA32BC30697000D8843 /* Tower_of_HanoiTests.swift in Sources */,
			);
			runOnlyForDeploymentPostprocessing = 0;
		};
		802F1DA42BC30697000D8843 /* Sources */ = {
			isa = PBXSourcesBuildPhase;
			buildActionMask = 2147483647;
			files = (
				802F1DAD2BC30697000D8843 /* Tower_of_HanoiUITests.swift in Sources */,
				802F1DAF2BC30697000D8843 /* Tower_of_HanoiUITestsLaunchTests.swift in Sources */,
			);
			runOnlyForDeploymentPostprocessing = 0;
		};
/* End PBXSourcesBuildPhase section */

/* Begin PBXTargetDependency section */
		802F1DA02BC30697000D8843 /* PBXTargetDependency */ = {
			isa = PBXTargetDependency;
			target = 802F1D8D2BC30696000D8843 /* Tower of Hanoi */;
			targetProxy = 802F1D9F2BC30697000D8843 /* PBXContainerItemProxy */;
		};
		802F1DAA2BC30697000D8843 /* PBXTargetDependency */ = {
			isa = PBXTargetDependency;
			target = 802F1D8D2BC30696000D8843 /* Tower of Hanoi */;
			targetProxy = 802F1DA92BC30697000D8843 /* PBXContainerItemProxy */;
		};
/* End PBXTargetDependency section */

/* Begin XCBuildConfiguration section */
		802F1DB02BC30697000D8843 /* Debug */ = {
			isa = XCBuildConfiguration;
			buildSettings = {
				ALWAYS_SEARCH_USER_PATHS = NO;
				ASSETCATALOG_COMPILER_GENERATE_SWIFT_ASSET_SYMBOL_EXTENSIONS = YES;
				CLANG_ANALYZER_NONNULL = YES;
				CLANG_ANALYZER_NUMBER_OBJECT_CONVERSION = YES_AGGRESSIVE;
				CLANG_CXX_LANGUAGE_STANDARD = "gnu++20";
				CLANG_ENABLE_MODULES = YES;
				CLANG_ENABLE_OBJC_ARC = YES;
				CLANG_ENABLE_OBJC_WEAK = YES;
				CLANG_WARN_BLOCK_CAPTURE_AUTORELEASING = YES;
				CLANG_WARN_BOOL_CONVERSION = YES;
				CLANG_WARN_COMMA = YES;
				CLANG_WARN_CONSTANT_CONVERSION = YES;
				CLANG_WARN_DEPRECATED_OBJC_IMPLEMENTATIONS = YES;
				CLANG_WARN_DIRECT_OBJC_ISA_USAGE = YES_ERROR;
				CLANG_WARN_DOCUMENTATION_COMMENTS = YES;
				CLANG_WARN_EMPTY_BODY = YES;
				CLANG_WARN_ENUM_CONVERSION = YES;
				CLANG_WARN_INFINITE_RECURSION = YES;
				CLANG_WARN_INT_CONVERSION = YES;
				CLANG_WARN_NON_LITERAL_NULL_CONVERSION = YES;
				CLANG_WARN_OBJC_IMPLICIT_RETAIN_SELF = YES;
				CLANG_WARN_OBJC_LITERAL_CONVERSION = YES;
				CLANG_WARN_OBJC_ROOT_CLASS = YES_ERROR;
				CLANG_WARN_QUOTED_INCLUDE_IN_FRAMEWORK_HEADER = YES;
				CLANG_WARN_RANGE_LOOP_ANALYSIS = YES;
				CLANG_WARN_STRICT_PROTOTYPES = YES;
				CLANG_WARN_SUSPICIOUS_MOVE = YES;
				CLANG_WARN_UNGUARDED_AVAILABILITY = YES_AGGRESSIVE;
				CLANG_WARN_UNREACHABLE_CODE = YES;
				CLANG_WARN__DUPLICATE_METHOD_MATCH = YES;
				COPY_PHASE_STRIP = NO;
				DEBUG_INFORMATION_FORMAT = dwarf;
				ENABLE_STRICT_OBJC_MSGSEND = YES;
				ENABLE_TESTABILITY = YES;
				ENABLE_USER_SCRIPT_SANDBOXING = YES;
				GCC_C_LANGUAGE_STANDARD = gnu17;
				GCC_DYNAMIC_NO_PIC = NO;
				GCC_NO_COMMON_BLOCKS = YES;
				GCC_OPTIMIZATION_LEVEL = 0;
				GCC_PREPROCESSOR_DEFINITIONS = (
					"DEBUG=1",
					"$(inherited)",
				);
				GCC_WARN_64_TO_32_BIT_CONVERSION = YES;
				GCC_WARN_ABOUT_RETURN_TYPE = YES_ERROR;
				GCC_WARN_UNDECLARED_SELECTOR = YES;
				GCC_WARN_UNINITIALIZED_AUTOS = YES_AGGRESSIVE;
				GCC_WARN_UNUSED_FUNCTION = YES;
				GCC_WARN_UNUSED_VARIABLE = YES;
				IPHONEOS_DEPLOYMENT_TARGET = 17.4;
				LOCALIZATION_PREFERS_STRING_CATALOGS = YES;
				MTL_ENABLE_DEBUG_INFO = INCLUDE_SOURCE;
				MTL_FAST_MATH = YES;
				ONLY_ACTIVE_ARCH = YES;
				SDKROOT = iphoneos;
				SWIFT_ACTIVE_COMPILATION_CONDITIONS = "DEBUG $(inherited)";
				SWIFT_OPTIMIZATION_LEVEL = "-Onone";
			};
			name = Debug;
		};
		802F1DB12BC30697000D8843 /* Release */ = {
			isa = XCBuildConfiguration;
			buildSettings = {
				ALWAYS_SEARCH_USER_PATHS = NO;
				ASSETCATALOG_COMPILER_GENERATE_SWIFT_ASSET_SYMBOL_EXTENSIONS = YES;
				CLANG_ANALYZER_NONNULL = YES;
				CLANG_ANALYZER_NUMBER_OBJECT_CONVERSION = YES_AGGRESSIVE;
				CLANG_CXX_LANGUAGE_STANDARD = "gnu++20";
				CLANG_ENABLE_MODULES = YES;
				CLANG_ENABLE_OBJC_ARC = YES;
				CLANG_ENABLE_OBJC_WEAK = YES;
				CLANG_WARN_BLOCK_CAPTURE_AUTORELEASING = YES;
				CLANG_WARN_BOOL_CONVERSION = YES;
				CLANG_WARN_COMMA = YES;
				CLANG_WARN_CONSTANT_CONVERSION = YES;
				CLANG_WARN_DEPRECATED_OBJC_IMPLEMENTATIONS = YES;
				CLANG_WARN_DIRECT_OBJC_ISA_USAGE = YES_ERROR;
				CLANG_WARN_DOCUMENTATION_COMMENTS = YES;
				CLANG_WARN_EMPTY_BODY = YES;
				CLANG_WARN_ENUM_CONVERSION = YES;
				CLANG_WARN_INFINITE_RECURSION = YES;
				CLANG_WARN_INT_CONVERSION = YES;
				CLANG_WARN_NON_LITERAL_NULL_CONVERSION = YES;
				CLANG_WARN_OBJC_IMPLICIT_RETAIN_SELF = YES;
				CLANG_WARN_OBJC_LITERAL_CONVERSION = YES;
				CLANG_WARN_OBJC_ROOT_CLASS = YES_ERROR;
				CLANG_WARN_QUOTED_INCLUDE_IN_FRAMEWORK_HEADER = YES;
				CLANG_WARN_RANGE_LOOP_ANALYSIS = YES;
				CLANG_WARN_STRICT_PROTOTYPES = YES;
				CLANG_WARN_SUSPICIOUS_MOVE = YES;
				CLANG_WARN_UNGUARDED_AVAILABILITY = YES_AGGRESSIVE;
				CLANG_WARN_UNREACHABLE_CODE = YES;
				CLANG_WARN__DUPLICATE_METHOD_MATCH = YES;
				COPY_PHASE_STRIP = NO;
				DEBUG_INFORMATION_FORMAT = "dwarf-with-dsym";
				ENABLE_NS_ASSERTIONS = NO;
				ENABLE_STRICT_OBJC_MSGSEND = YES;
				ENABLE_USER_SCRIPT_SANDBOXING = YES;
				GCC_C_LANGUAGE_STANDARD = gnu17;
				GCC_NO_COMMON_BLOCKS = YES;
				GCC_WARN_64_TO_32_BIT_CONVERSION = YES;
				GCC_WARN_ABOUT_RETURN_TYPE = YES_ERROR;
				GCC_WARN_UNDECLARED_SELECTOR = YES;
				GCC_WARN_UNINITIALIZED_AUTOS = YES_AGGRESSIVE;
				GCC_WARN_UNUSED_FUNCTION = YES;
				GCC_WARN_UNUSED_VARIABLE = YES;
				IPHONEOS_DEPLOYMENT_TARGET = 17.4;
				LOCALIZATION_PREFERS_STRING_CATALOGS = YES;
				MTL_ENABLE_DEBUG_INFO = NO;
				MTL_FAST_MATH = YES;
				SDKROOT = iphoneos;
				SWIFT_COMPILATION_MODE = wholemodule;
				VALIDATE_PRODUCT = YES;
			};
			name = Release;
		};
		802F1DB32BC30697000D8843 /* Debug */ = {
			isa = XCBuildConfiguration;
			buildSettings = {
				ASSETCATALOG_COMPILER_APPICON_NAME = AppIcon;
				ASSETCATALOG_COMPILER_GLOBAL_ACCENT_COLOR_NAME = AccentColor;
				CODE_SIGN_STYLE = Automatic;
				CURRENT_PROJECT_VERSION = 1;
				DEVELOPMENT_ASSET_PATHS = "\"Tower of Hanoi/Preview Content\"";
				DEVELOPMENT_TEAM = 4DZQ8R87XF;
				ENABLE_PREVIEWS = YES;
				GENERATE_INFOPLIST_FILE = YES;
				INFOPLIST_KEY_UIApplicationSceneManifest_Generation = YES;
				INFOPLIST_KEY_UIApplicationSupportsIndirectInputEvents = YES;
				INFOPLIST_KEY_UILaunchScreen_Generation = YES;
				INFOPLIST_KEY_UISupportedInterfaceOrientations_iPad = "UIInterfaceOrientationPortrait UIInterfaceOrientationPortraitUpsideDown UIInterfaceOrientationLandscapeLeft UIInterfaceOrientationLandscapeRight";
				INFOPLIST_KEY_UISupportedInterfaceOrientations_iPhone = "UIInterfaceOrientationPortrait UIInterfaceOrientationLandscapeLeft UIInterfaceOrientationLandscapeRight";
				LD_RUNPATH_SEARCH_PATHS = (
					"$(inherited)",
					"@executable_path/Frameworks",
				);
				MARKETING_VERSION = 1.0;
				PRODUCT_BUNDLE_IDENTIFIER = "cool.antincs.Tower-of-Hanoi";
				PRODUCT_NAME = "$(TARGET_NAME)";
				SWIFT_EMIT_LOC_STRINGS = YES;
				SWIFT_VERSION = 5.0;
				TARGETED_DEVICE_FAMILY = "1,2";
			};
			name = Debug;
		};
		802F1DB42BC30697000D8843 /* Release */ = {
			isa = XCBuildConfiguration;
			buildSettings = {
				ASSETCATALOG_COMPILER_APPICON_NAME = AppIcon;
				ASSETCATALOG_COMPILER_GLOBAL_ACCENT_COLOR_NAME = AccentColor;
				CODE_SIGN_STYLE = Automatic;
				CURRENT_PROJECT_VERSION = 1;
				DEVELOPMENT_ASSET_PATHS = "\"Tower of Hanoi/Preview Content\"";
				DEVELOPMENT_TEAM = 4DZQ8R87XF;
				ENABLE_PREVIEWS = YES;
				GENERATE_INFOPLIST_FILE = YES;
				INFOPLIST_KEY_UIApplicationSceneManifest_Generation = YES;
				INFOPLIST_KEY_UIApplicationSupportsIndirectInputEvents = YES;
				INFOPLIST_KEY_UILaunchScreen_Generation = YES;
				INFOPLIST_KEY_UISupportedInterfaceOrientations_iPad = "UIInterfaceOrientationPortrait UIInterfaceOrientationPortraitUpsideDown UIInterfaceOrientationLandscapeLeft UIInterfaceOrientationLandscapeRight";
				INFOPLIST_KEY_UISupportedInterfaceOrientations_iPhone = "UIInterfaceOrientationPortrait UIInterfaceOrientationLandscapeLeft UIInterfaceOrientationLandscapeRight";
				LD_RUNPATH_SEARCH_PATHS = (
					"$(inherited)",
					"@executable_path/Frameworks",
				);
				MARKETING_VERSION = 1.0;
				PRODUCT_BUNDLE_IDENTIFIER = "cool.antincs.Tower-of-Hanoi";
				PRODUCT_NAME = "$(TARGET_NAME)";
				SWIFT_EMIT_LOC_STRINGS = YES;
				SWIFT_VERSION = 5.0;
				TARGETED_DEVICE_FAMILY = "1,2";
			};
			name = Release;
		};
		802F1DB62BC30697000D8843 /* Debug */ = {
			isa = XCBuildConfiguration;
			buildSettings = {
				ALWAYS_EMBED_SWIFT_STANDARD_LIBRARIES = YES;
				BUNDLE_LOADER = "$(TEST_HOST)";
				CODE_SIGN_STYLE = Automatic;
				CURRENT_PROJECT_VERSION = 1;
				DEVELOPMENT_TEAM = 4DZQ8R87XF;
				GENERATE_INFOPLIST_FILE = YES;
				IPHONEOS_DEPLOYMENT_TARGET = 17.4;
				MARKETING_VERSION = 1.0;
				PRODUCT_BUNDLE_IDENTIFIER = "cool.antincs.Tower-of-HanoiTests";
				PRODUCT_NAME = "$(TARGET_NAME)";
				SWIFT_EMIT_LOC_STRINGS = NO;
				SWIFT_VERSION = 5.0;
				TARGETED_DEVICE_FAMILY = "1,2";
				TEST_HOST = "$(BUILT_PRODUCTS_DIR)/Tower of Hanoi.app/$(BUNDLE_EXECUTABLE_FOLDER_PATH)/Tower of Hanoi";
			};
			name = Debug;
		};
		802F1DB72BC30697000D8843 /* Release */ = {
			isa = XCBuildConfiguration;
			buildSettings = {
				ALWAYS_EMBED_SWIFT_STANDARD_LIBRARIES = YES;
				BUNDLE_LOADER = "$(TEST_HOST)";
				CODE_SIGN_STYLE = Automatic;
				CURRENT_PROJECT_VERSION = 1;
				DEVELOPMENT_TEAM = 4DZQ8R87XF;
				GENERATE_INFOPLIST_FILE = YES;
				IPHONEOS_DEPLOYMENT_TARGET = 17.4;
				MARKETING_VERSION = 1.0;
				PRODUCT_BUNDLE_IDENTIFIER = "cool.antincs.Tower-of-HanoiTests";
				PRODUCT_NAME = "$(TARGET_NAME)";
				SWIFT_EMIT_LOC_STRINGS = NO;
				SWIFT_VERSION = 5.0;
				TARGETED_DEVICE_FAMILY = "1,2";
				TEST_HOST = "$(BUILT_PRODUCTS_DIR)/Tower of Hanoi.app/$(BUNDLE_EXECUTABLE_FOLDER_PATH)/Tower of Hanoi";
			};
			name = Release;
		};
		802F1DB92BC30697000D8843 /* Debug */ = {
			isa = XCBuildConfiguration;
			buildSettings = {
				ALWAYS_EMBED_SWIFT_STANDARD_LIBRARIES = YES;
				CODE_SIGN_STYLE = Automatic;
				CURRENT_PROJECT_VERSION = 1;
				DEVELOPMENT_TEAM = 4DZQ8R87XF;
				GENERATE_INFOPLIST_FILE = YES;
				MARKETING_VERSION = 1.0;
				PRODUCT_BUNDLE_IDENTIFIER = "cool.antincs.Tower-of-HanoiUITests";
				PRODUCT_NAME = "$(TARGET_NAME)";
				SWIFT_EMIT_LOC_STRINGS = NO;
				SWIFT_VERSION = 5.0;
				TARGETED_DEVICE_FAMILY = "1,2";
				TEST_TARGET_NAME = "Tower of Hanoi";
			};
			name = Debug;
		};
		802F1DBA2BC30697000D8843 /* Release */ = {
			isa = XCBuildConfiguration;
			buildSettings = {
				ALWAYS_EMBED_SWIFT_STANDARD_LIBRARIES = YES;
				CODE_SIGN_STYLE = Automatic;
				CURRENT_PROJECT_VERSION = 1;
				DEVELOPMENT_TEAM = 4DZQ8R87XF;
				GENERATE_INFOPLIST_FILE = YES;
				MARKETING_VERSION = 1.0;
				PRODUCT_BUNDLE_IDENTIFIER = "cool.antincs.Tower-of-HanoiUITests";
				PRODUCT_NAME = "$(TARGET_NAME)";
				SWIFT_EMIT_LOC_STRINGS = NO;
				SWIFT_VERSION = 5.0;
				TARGETED_DEVICE_FAMILY = "1,2";
				TEST_TARGET_NAME = "Tower of Hanoi";
			};
			name = Release;
		};
/* End XCBuildConfiguration section */

/* Begin XCConfigurationList section */
		802F1D892BC30696000D8843 /* Build configuration list for PBXProject "Tower of Hanoi" */ = {
			isa = XCConfigurationList;
			buildConfigurations = (
				802F1DB02BC30697000D8843 /* Debug */,
				802F1DB12BC30697000D8843 /* Release */,
			);
			defaultConfigurationIsVisible = 0;
			defaultConfigurationName = Release;
		};
		802F1DB22BC30697000D8843 /* Build configuration list for PBXNativeTarget "Tower of Hanoi" */ = {
			isa = XCConfigurationList;
			buildConfigurations = (
				802F1DB32BC30697000D8843 /* Debug */,
				802F1DB42BC30697000D8843 /* Release */,
			);
			defaultConfigurationIsVisible = 0;
			defaultConfigurationName = Release;
		};
		802F1DB52BC30697000D8843 /* Build configuration list for PBXNativeTarget "Tower of HanoiTests" */ = {
			isa = XCConfigurationList;
			buildConfigurations = (
				802F1DB62BC30697000D8843 /* Debug */,
				802F1DB72BC30697000D8843 /* Release */,
			);
			defaultConfigurationIsVisible = 0;
			defaultConfigurationName = Release;
		};
		802F1DB82BC30697000D8843 /* Build configuration list for PBXNativeTarget "Tower of HanoiUITests" */ = {
			isa = XCConfigurationList;
			buildConfigurations = (
				802F1DB92BC30697000D8843 /* Debug */,
				802F1DBA2BC30697000D8843 /* Release */,
			);
			defaultConfigurationIsVisible = 0;
			defaultConfigurationName = Release;
		};
/* End XCConfigurationList section */
	};
	rootObject = 802F1D862BC30696000D8843 /* Project object */;
}
